// !$*UTF8*$!
{
	archiveVersion = 1;
	classes = {
	};
	objectVersion = 56;
	objects = {

/* Begin PBXBuildFile section */
		7561EED32B03A4E20017BB10 /* AppDelegate.swift in Sources */ = {isa = PBXBuildFile; fileRef = 7561EED22B03A4E20017BB10 /* AppDelegate.swift */; };
		7561EED52B03A4E20017BB10 /* SceneDelegate.swift in Sources */ = {isa = PBXBuildFile; fileRef = 7561EED42B03A4E20017BB10 /* SceneDelegate.swift */; };
		7561EED72B03A4E20017BB10 /* ViewController.swift in Sources */ = {isa = PBXBuildFile; fileRef = 7561EED62B03A4E20017BB10 /* ViewController.swift */; };
		7561EEDA2B03A4E20017BB10 /* Main.storyboard in Resources */ = {isa = PBXBuildFile; fileRef = 7561EED82B03A4E20017BB10 /* Main.storyboard */; };
		7561EEDC2B03A4E30017BB10 /* Assets.xcassets in Resources */ = {isa = PBXBuildFile; fileRef = 7561EEDB2B03A4E30017BB10 /* Assets.xcassets */; };
		7561EEDF2B03A4E30017BB10 /* LaunchScreen.storyboard in Resources */ = {isa = PBXBuildFile; fileRef = 7561EEDD2B03A4E30017BB10 /* LaunchScreen.storyboard */; };
		7561EEEA2B03A4E30017BB10 /* W2T2_Uebung_BecherMitAufdruck_CaTests.swift in Sources */ = {isa = PBXBuildFile; fileRef = 7561EEE92B03A4E30017BB10 /* W2T2_Uebung_BecherMitAufdruck_CaTests.swift */; };
		7561EEF42B03A4E30017BB10 /* W2T2_Uebung_BecherMitAufdruck_CaUITests.swift in Sources */ = {isa = PBXBuildFile; fileRef = 7561EEF32B03A4E30017BB10 /* W2T2_Uebung_BecherMitAufdruck_CaUITests.swift */; };
		7561EEF62B03A4E30017BB10 /* W2T2_Uebung_BecherMitAufdruck_CaUITestsLaunchTests.swift in Sources */ = {isa = PBXBuildFile; fileRef = 7561EEF52B03A4E30017BB10 /* W2T2_Uebung_BecherMitAufdruck_CaUITestsLaunchTests.swift */; };
		7561EF032B03A5230017BB10 /* Becher.swift in Sources */ = {isa = PBXBuildFile; fileRef = 7561EF022B03A5230017BB10 /* Becher.swift */; };
		7561EF052B03A6DC0017BB10 /* MyLibrary.swift in Sources */ = {isa = PBXBuildFile; fileRef = 7561EF042B03A6DC0017BB10 /* MyLibrary.swift */; };
		7561EF072B03A72E0017BB10 /* BecherMitAufdruck.swift in Sources */ = {isa = PBXBuildFile; fileRef = 7561EF062B03A72E0017BB10 /* BecherMitAufdruck.swift */; };
/* End PBXBuildFile section */

/* Begin PBXContainerItemProxy section */
		7561EEE62B03A4E30017BB10 /* PBXContainerItemProxy */ = {
			isa = PBXContainerItemProxy;
			containerPortal = 7561EEC72B03A4E20017BB10 /* Project object */;
			proxyType = 1;
			remoteGlobalIDString = 7561EECE2B03A4E20017BB10;
			remoteInfo = W2T2_Uebung_BecherMitAufdruck_Ca;
		};
		7561EEF02B03A4E30017BB10 /* PBXContainerItemProxy */ = {
			isa = PBXContainerItemProxy;
			containerPortal = 7561EEC72B03A4E20017BB10 /* Project object */;
			proxyType = 1;
			remoteGlobalIDString = 7561EECE2B03A4E20017BB10;
			remoteInfo = W2T2_Uebung_BecherMitAufdruck_Ca;
		};
/* End PBXContainerItemProxy section */

/* Begin PBXFileReference section */
		7561EECF2B03A4E20017BB10 /* W2T2_Uebung_BecherMitAufdruck_Ca.app */ = {isa = PBXFileReference; explicitFileType = wrapper.application; includeInIndex = 0; path = W2T2_Uebung_BecherMitAufdruck_Ca.app; sourceTree = BUILT_PRODUCTS_DIR; };
		7561EED22B03A4E20017BB10 /* AppDelegate.swift */ = {isa = PBXFileReference; lastKnownFileType = sourcecode.swift; path = AppDelegate.swift; sourceTree = "<group>"; };
		7561EED42B03A4E20017BB10 /* SceneDelegate.swift */ = {isa = PBXFileReference; lastKnownFileType = sourcecode.swift; path = SceneDelegate.swift; sourceTree = "<group>"; };
		7561EED62B03A4E20017BB10 /* ViewController.swift */ = {isa = PBXFileReference; lastKnownFileType = sourcecode.swift; path = ViewController.swift; sourceTree = "<group>"; };
		7561EED92B03A4E20017BB10 /* Base */ = {isa = PBXFileReference; lastKnownFileType = file.storyboard; name = Base; path = Base.lproj/Main.storyboard; sourceTree = "<group>"; };
		7561EEDB2B03A4E30017BB10 /* Assets.xcassets */ = {isa = PBXFileReference; lastKnownFileType = folder.assetcatalog; path = Assets.xcassets; sourceTree = "<group>"; };
		7561EEDE2B03A4E30017BB10 /* Base */ = {isa = PBXFileReference; lastKnownFileType = file.storyboard; name = Base; path = Base.lproj/LaunchScreen.storyboard; sourceTree = "<group>"; };
		7561EEE02B03A4E30017BB10 /* Info.plist */ = {isa = PBXFileReference; lastKnownFileType = text.plist.xml; path = Info.plist; sourceTree = "<group>"; };
		7561EEE52B03A4E30017BB10 /* W2T2_Uebung_BecherMitAufdruck_CaTests.xctest */ = {isa = PBXFileReference; explicitFileType = wrapper.cfbundle; includeInIndex = 0; path = W2T2_Uebung_BecherMitAufdruck_CaTests.xctest; sourceTree = BUILT_PRODUCTS_DIR; };
		7561EEE92B03A4E30017BB10 /* W2T2_Uebung_BecherMitAufdruck_CaTests.swift */ = {isa = PBXFileReference; lastKnownFileType = sourcecode.swift; path = W2T2_Uebung_BecherMitAufdruck_CaTests.swift; sourceTree = "<group>"; };
		7561EEEF2B03A4E30017BB10 /* W2T2_Uebung_BecherMitAufdruck_CaUITests.xctest */ = {isa = PBXFileReference; explicitFileType = wrapper.cfbundle; includeInIndex = 0; path = W2T2_Uebung_BecherMitAufdruck_CaUITests.xctest; sourceTree = BUILT_PRODUCTS_DIR; };
		7561EEF32B03A4E30017BB10 /* W2T2_Uebung_BecherMitAufdruck_CaUITests.swift */ = {isa = PBXFileReference; lastKnownFileType = sourcecode.swift; path = W2T2_Uebung_BecherMitAufdruck_CaUITests.swift; sourceTree = "<group>"; };
		7561EEF52B03A4E30017BB10 /* W2T2_Uebung_BecherMitAufdruck_CaUITestsLaunchTests.swift */ = {isa = PBXFileReference; lastKnownFileType = sourcecode.swift; path = W2T2_Uebung_BecherMitAufdruck_CaUITestsLaunchTests.swift; sourceTree = "<group>"; };
		7561EF022B03A5230017BB10 /* Becher.swift */ = {isa = PBXFileReference; lastKnownFileType = sourcecode.swift; path = Becher.swift; sourceTree = "<group>"; };
		7561EF042B03A6DC0017BB10 /* MyLibrary.swift */ = {isa = PBXFileReference; lastKnownFileType = sourcecode.swift; path = MyLibrary.swift; sourceTree = "<group>"; };
		7561EF062B03A72E0017BB10 /* BecherMitAufdruck.swift */ = {isa = PBXFileReference; lastKnownFileType = sourcecode.swift; path = BecherMitAufdruck.swift; sourceTree = "<group>"; };
/* End PBXFileReference section */

/* Begin PBXFrameworksBuildPhase section */
		7561EECC2B03A4E20017BB10 /* Frameworks */ = {
			isa = PBXFrameworksBuildPhase;
			buildActionMask = 2147483647;
			files = (
			);
			runOnlyForDeploymentPostprocessing = 0;
		};
		7561EEE22B03A4E30017BB10 /* Frameworks */ = {
			isa = PBXFrameworksBuildPhase;
			buildActionMask = 2147483647;
			files = (
			);
			runOnlyForDeploymentPostprocessing = 0;
		};
		7561EEEC2B03A4E30017BB10 /* Frameworks */ = {
			isa = PBXFrameworksBuildPhase;
			buildActionMask = 2147483647;
			files = (
			);
			runOnlyForDeploymentPostprocessing = 0;
		};
/* End PBXFrameworksBuildPhase section */

/* Begin PBXGroup section */
		7561EEC62B03A4E20017BB10 = {
			isa = PBXGroup;
			children = (
				7561EED12B03A4E20017BB10 /* W2T2_Uebung_BecherMitAufdruck_Ca */,
				7561EEE82B03A4E30017BB10 /* W2T2_Uebung_BecherMitAufdruck_CaTests */,
				7561EEF22B03A4E30017BB10 /* W2T2_Uebung_BecherMitAufdruck_CaUITests */,
				7561EED02B03A4E20017BB10 /* Products */,
			);
			sourceTree = "<group>";
		};
		7561EED02B03A4E20017BB10 /* Products */ = {
			isa = PBXGroup;
			children = (
				7561EECF2B03A4E20017BB10 /* W2T2_Uebung_BecherMitAufdruck_Ca.app */,
				7561EEE52B03A4E30017BB10 /* W2T2_Uebung_BecherMitAufdruck_CaTests.xctest */,
				7561EEEF2B03A4E30017BB10 /* W2T2_Uebung_BecherMitAufdruck_CaUITests.xctest */,
			);
			name = Products;
			sourceTree = "<group>";
		};
		7561EED12B03A4E20017BB10 /* W2T2_Uebung_BecherMitAufdruck_Ca */ = {
			isa = PBXGroup;
			children = (
				7561EED22B03A4E20017BB10 /* AppDelegate.swift */,
				7561EED42B03A4E20017BB10 /* SceneDelegate.swift */,
				7561EED62B03A4E20017BB10 /* ViewController.swift */,
				7561EED82B03A4E20017BB10 /* Main.storyboard */,
				7561EEDB2B03A4E30017BB10 /* Assets.xcassets */,
				7561EEDD2B03A4E30017BB10 /* LaunchScreen.storyboard */,
				7561EEE02B03A4E30017BB10 /* Info.plist */,
				7561EF022B03A5230017BB10 /* Becher.swift */,
				7561EF062B03A72E0017BB10 /* BecherMitAufdruck.swift */,
				7561EF042B03A6DC0017BB10 /* MyLibrary.swift */,
			);
			path = W2T2_Uebung_BecherMitAufdruck_Ca;
			sourceTree = "<group>";
		};
		7561EEE82B03A4E30017BB10 /* W2T2_Uebung_BecherMitAufdruck_CaTests */ = {
			isa = PBXGroup;
			children = (
				7561EEE92B03A4E30017BB10 /* W2T2_Uebung_BecherMitAufdruck_CaTests.swift */,
			);
			path = W2T2_Uebung_BecherMitAufdruck_CaTests;
			sourceTree = "<group>";
		};
		7561EEF22B03A4E30017BB10 /* W2T2_Uebung_BecherMitAufdruck_CaUITests */ = {
			isa = PBXGroup;
			children = (
				7561EEF32B03A4E30017BB10 /* W2T2_Uebung_BecherMitAufdruck_CaUITests.swift */,
				7561EEF52B03A4E30017BB10 /* W2T2_Uebung_BecherMitAufdruck_CaUITestsLaunchTests.swift */,
			);
			path = W2T2_Uebung_BecherMitAufdruck_CaUITests;
			sourceTree = "<group>";
		};
/* End PBXGroup section */

/* Begin PBXNativeTarget section */
		7561EECE2B03A4E20017BB10 /* W2T2_Uebung_BecherMitAufdruck_Ca */ = {
			isa = PBXNativeTarget;
			buildConfigurationList = 7561EEF92B03A4E30017BB10 /* Build configuration list for PBXNativeTarget "W2T2_Uebung_BecherMitAufdruck_Ca" */;
			buildPhases = (
				7561EECB2B03A4E20017BB10 /* Sources */,
				7561EECC2B03A4E20017BB10 /* Frameworks */,
				7561EECD2B03A4E20017BB10 /* Resources */,
			);
			buildRules = (
			);
			dependencies = (
			);
			name = W2T2_Uebung_BecherMitAufdruck_Ca;
			productName = W2T2_Uebung_BecherMitAufdruck_Ca;
			productReference = 7561EECF2B03A4E20017BB10 /* W2T2_Uebung_BecherMitAufdruck_Ca.app */;
			productType = "com.apple.product-type.application";
		};
		7561EEE42B03A4E30017BB10 /* W2T2_Uebung_BecherMitAufdruck_CaTests */ = {
			isa = PBXNativeTarget;
			buildConfigurationList = 7561EEFC2B03A4E30017BB10 /* Build configuration list for PBXNativeTarget "W2T2_Uebung_BecherMitAufdruck_CaTests" */;
			buildPhases = (
				7561EEE12B03A4E30017BB10 /* Sources */,
				7561EEE22B03A4E30017BB10 /* Frameworks */,
				7561EEE32B03A4E30017BB10 /* Resources */,
			);
			buildRules = (
			);
			dependencies = (
				7561EEE72B03A4E30017BB10 /* PBXTargetDependency */,
			);
			name = W2T2_Uebung_BecherMitAufdruck_CaTests;
			productName = W2T2_Uebung_BecherMitAufdruck_CaTests;
			productReference = 7561EEE52B03A4E30017BB10 /* W2T2_Uebung_BecherMitAufdruck_CaTests.xctest */;
			productType = "com.apple.product-type.bundle.unit-test";
		};
		7561EEEE2B03A4E30017BB10 /* W2T2_Uebung_BecherMitAufdruck_CaUITests */ = {
			isa = PBXNativeTarget;
			buildConfigurationList = 7561EEFF2B03A4E30017BB10 /* Build configuration list for PBXNativeTarget "W2T2_Uebung_BecherMitAufdruck_CaUITests" */;
			buildPhases = (
				7561EEEB2B03A4E30017BB10 /* Sources */,
				7561EEEC2B03A4E30017BB10 /* Frameworks */,
				7561EEED2B03A4E30017BB10 /* Resources */,
			);
			buildRules = (
			);
			dependencies = (
				7561EEF12B03A4E30017BB10 /* PBXTargetDependency */,
			);
			name = W2T2_Uebung_BecherMitAufdruck_CaUITests;
			productName = W2T2_Uebung_BecherMitAufdruck_CaUITests;
			productReference = 7561EEEF2B03A4E30017BB10 /* W2T2_Uebung_BecherMitAufdruck_CaUITests.xctest */;
			productType = "com.apple.product-type.bundle.ui-testing";
		};
/* End PBXNativeTarget section */

/* Begin PBXProject section */
		7561EEC72B03A4E20017BB10 /* Project object */ = {
			isa = PBXProject;
			attributes = {
				BuildIndependentTargetsInParallel = 1;
				LastSwiftUpdateCheck = 1500;
				LastUpgradeCheck = 1500;
				TargetAttributes = {
					7561EECE2B03A4E20017BB10 = {
						CreatedOnToolsVersion = 15.0.1;
					};
					7561EEE42B03A4E30017BB10 = {
						CreatedOnToolsVersion = 15.0.1;
						TestTargetID = 7561EECE2B03A4E20017BB10;
					};
					7561EEEE2B03A4E30017BB10 = {
						CreatedOnToolsVersion = 15.0.1;
						TestTargetID = 7561EECE2B03A4E20017BB10;
					};
				};
			};
			buildConfigurationList = 7561EECA2B03A4E20017BB10 /* Build configuration list for PBXProject "W2T2_Uebung_BecherMitAufdruck_Ca" */;
			compatibilityVersion = "Xcode 14.0";
			developmentRegion = en;
			hasScannedForEncodings = 0;
			knownRegions = (
				en,
				Base,
			);
			mainGroup = 7561EEC62B03A4E20017BB10;
			productRefGroup = 7561EED02B03A4E20017BB10 /* Products */;
			projectDirPath = "";
			projectRoot = "";
			targets = (
				7561EECE2B03A4E20017BB10 /* W2T2_Uebung_BecherMitAufdruck_Ca */,
				7561EEE42B03A4E30017BB10 /* W2T2_Uebung_BecherMitAufdruck_CaTests */,
				7561EEEE2B03A4E30017BB10 /* W2T2_Uebung_BecherMitAufdruck_CaUITests */,
			);
		};
/* End PBXProject section */

/* Begin PBXResourcesBuildPhase section */
		7561EECD2B03A4E20017BB10 /* Resources */ = {
			isa = PBXResourcesBuildPhase;
			buildActionMask = 2147483647;
			files = (
				7561EEDF2B03A4E30017BB10 /* LaunchScreen.storyboard in Resources */,
				7561EEDC2B03A4E30017BB10 /* Assets.xcassets in Resources */,
				7561EEDA2B03A4E20017BB10 /* Main.storyboard in Resources */,
			);
			runOnlyForDeploymentPostprocessing = 0;
		};
		7561EEE32B03A4E30017BB10 /* Resources */ = {
			isa = PBXResourcesBuildPhase;
			buildActionMask = 2147483647;
			files = (
			);
			runOnlyForDeploymentPostprocessing = 0;
		};
		7561EEED2B03A4E30017BB10 /* Resources */ = {
			isa = PBXResourcesBuildPhase;
			buildActionMask = 2147483647;
			files = (
			);
			runOnlyForDeploymentPostprocessing = 0;
		};
/* End PBXResourcesBuildPhase section */

/* Begin PBXSourcesBuildPhase section */
		7561EECB2B03A4E20017BB10 /* Sources */ = {
			isa = PBXSourcesBuildPhase;
			buildActionMask = 2147483647;
			files = (
				7561EF052B03A6DC0017BB10 /* MyLibrary.swift in Sources */,
				7561EF032B03A5230017BB10 /* Becher.swift in Sources */,
				7561EF072B03A72E0017BB10 /* BecherMitAufdruck.swift in Sources */,
				7561EED72B03A4E20017BB10 /* ViewController.swift in Sources */,
				7561EED32B03A4E20017BB10 /* AppDelegate.swift in Sources */,
				7561EED52B03A4E20017BB10 /* SceneDelegate.swift in Sources */,
			);
			runOnlyForDeploymentPostprocessing = 0;
		};
		7561EEE12B03A4E30017BB10 /* Sources */ = {
			isa = PBXSourcesBuildPhase;
			buildActionMask = 2147483647;
			files = (
				7561EEEA2B03A4E30017BB10 /* W2T2_Uebung_BecherMitAufdruck_CaTests.swift in Sources */,
			);
			runOnlyForDeploymentPostprocessing = 0;
		};
		7561EEEB2B03A4E30017BB10 /* Sources */ = {
			isa = PBXSourcesBuildPhase;
			buildActionMask = 2147483647;
			files = (
				7561EEF62B03A4E30017BB10 /* W2T2_Uebung_BecherMitAufdruck_CaUITestsLaunchTests.swift in Sources */,
				7561EEF42B03A4E30017BB10 /* W2T2_Uebung_BecherMitAufdruck_CaUITests.swift in Sources */,
			);
			runOnlyForDeploymentPostprocessing = 0;
		};
/* End PBXSourcesBuildPhase section */

/* Begin PBXTargetDependency section */
		7561EEE72B03A4E30017BB10 /* PBXTargetDependency */ = {
			isa = PBXTargetDependency;
			target = 7561EECE2B03A4E20017BB10 /* W2T2_Uebung_BecherMitAufdruck_Ca */;
			targetProxy = 7561EEE62B03A4E30017BB10 /* PBXContainerItemProxy */;
		};
		7561EEF12B03A4E30017BB10 /* PBXTargetDependency */ = {
			isa = PBXTargetDependency;
			target = 7561EECE2B03A4E20017BB10 /* W2T2_Uebung_BecherMitAufdruck_Ca */;
			targetProxy = 7561EEF02B03A4E30017BB10 /* PBXContainerItemProxy */;
		};
/* End PBXTargetDependency section */

/* Begin PBXVariantGroup section */
		7561EED82B03A4E20017BB10 /* Main.storyboard */ = {
			isa = PBXVariantGroup;
			children = (
				7561EED92B03A4E20017BB10 /* Base */,
			);
			name = Main.storyboard;
			sourceTree = "<group>";
		};
		7561EEDD2B03A4E30017BB10 /* LaunchScreen.storyboard */ = {
			isa = PBXVariantGroup;
			children = (
				7561EEDE2B03A4E30017BB10 /* Base */,
			);
			name = LaunchScreen.storyboard;
			sourceTree = "<group>";
		};
/* End PBXVariantGroup section */

/* Begin XCBuildConfiguration section */
		7561EEF72B03A4E30017BB10 /* Debug */ = {
			isa = XCBuildConfiguration;
			buildSettings = {
				ALWAYS_SEARCH_USER_PATHS = NO;
				ASSETCATALOG_COMPILER_GENERATE_SWIFT_ASSET_SYMBOL_EXTENSIONS = YES;
				CLANG_ANALYZER_NONNULL = YES;
				CLANG_ANALYZER_NUMBER_OBJECT_CONVERSION = YES_AGGRESSIVE;
				CLANG_CXX_LANGUAGE_STANDARD = "gnu++20";
				CLANG_ENABLE_MODULES = YES;
				CLANG_ENABLE_OBJC_ARC = YES;
				CLANG_ENABLE_OBJC_WEAK = YES;
				CLANG_WARN_BLOCK_CAPTURE_AUTORELEASING = YES;
				CLANG_WARN_BOOL_CONVERSION = YES;
				CLANG_WARN_COMMA = YES;
				CLANG_WARN_CONSTANT_CONVERSION = YES;
				CLANG_WARN_DEPRECATED_OBJC_IMPLEMENTATIONS = YES;
				CLANG_WARN_DIRECT_OBJC_ISA_USAGE = YES_ERROR;
				CLANG_WARN_DOCUMENTATION_COMMENTS = YES;
				CLANG_WARN_EMPTY_BODY = YES;
				CLANG_WARN_ENUM_CONVERSION = YES;
				CLANG_WARN_INFINITE_RECURSION = YES;
				CLANG_WARN_INT_CONVERSION = YES;
				CLANG_WARN_NON_LITERAL_NULL_CONVERSION = YES;
				CLANG_WARN_OBJC_IMPLICIT_RETAIN_SELF = YES;
				CLANG_WARN_OBJC_LITERAL_CONVERSION = YES;
				CLANG_WARN_OBJC_ROOT_CLASS = YES_ERROR;
				CLANG_WARN_QUOTED_INCLUDE_IN_FRAMEWORK_HEADER = YES;
				CLANG_WARN_RANGE_LOOP_ANALYSIS = YES;
				CLANG_WARN_STRICT_PROTOTYPES = YES;
				CLANG_WARN_SUSPICIOUS_MOVE = YES;
				CLANG_WARN_UNGUARDED_AVAILABILITY = YES_AGGRESSIVE;
				CLANG_WARN_UNREACHABLE_CODE = YES;
				CLANG_WARN__DUPLICATE_METHOD_MATCH = YES;
				COPY_PHASE_STRIP = NO;
				DEBUG_INFORMATION_FORMAT = dwarf;
				ENABLE_STRICT_OBJC_MSGSEND = YES;
				ENABLE_TESTABILITY = YES;
				ENABLE_USER_SCRIPT_SANDBOXING = YES;
				GCC_C_LANGUAGE_STANDARD = gnu17;
				GCC_DYNAMIC_NO_PIC = NO;
				GCC_NO_COMMON_BLOCKS = YES;
				GCC_OPTIMIZATION_LEVEL = 0;
				GCC_PREPROCESSOR_DEFINITIONS = (
					"DEBUG=1",
					"$(inherited)",
				);
				GCC_WARN_64_TO_32_BIT_CONVERSION = YES;
				GCC_WARN_ABOUT_RETURN_TYPE = YES_ERROR;
				GCC_WARN_UNDECLARED_SELECTOR = YES;
				GCC_WARN_UNINITIALIZED_AUTOS = YES_AGGRESSIVE;
				GCC_WARN_UNUSED_FUNCTION = YES;
				GCC_WARN_UNUSED_VARIABLE = YES;
				IPHONEOS_DEPLOYMENT_TARGET = 17.0;
				LOCALIZATION_PREFERS_STRING_CATALOGS = YES;
				MTL_ENABLE_DEBUG_INFO = INCLUDE_SOURCE;
				MTL_FAST_MATH = YES;
				ONLY_ACTIVE_ARCH = YES;
				SDKROOT = iphoneos;
				SWIFT_ACTIVE_COMPILATION_CONDITIONS = "DEBUG $(inherited)";
				SWIFT_OPTIMIZATION_LEVEL = "-Onone";
			};
			name = Debug;
		};
		7561EEF82B03A4E30017BB10 /* Release */ = {
			isa = XCBuildConfiguration;
			buildSettings = {
				ALWAYS_SEARCH_USER_PATHS = NO;
				ASSETCATALOG_COMPILER_GENERATE_SWIFT_ASSET_SYMBOL_EXTENSIONS = YES;
				CLANG_ANALYZER_NONNULL = YES;
				CLANG_ANALYZER_NUMBER_OBJECT_CONVERSION = YES_AGGRESSIVE;
				CLANG_CXX_LANGUAGE_STANDARD = "gnu++20";
				CLANG_ENABLE_MODULES = YES;
				CLANG_ENABLE_OBJC_ARC = YES;
				CLANG_ENABLE_OBJC_WEAK = YES;
				CLANG_WARN_BLOCK_CAPTURE_AUTORELEASING = YES;
				CLANG_WARN_BOOL_CONVERSION = YES;
				CLANG_WARN_COMMA = YES;
				CLANG_WARN_CONSTANT_CONVERSION = YES;
				CLANG_WARN_DEPRECATED_OBJC_IMPLEMENTATIONS = YES;
				CLANG_WARN_DIRECT_OBJC_ISA_USAGE = YES_ERROR;
				CLANG_WARN_DOCUMENTATION_COMMENTS = YES;
				CLANG_WARN_EMPTY_BODY = YES;
				CLANG_WARN_ENUM_CONVERSION = YES;
				CLANG_WARN_INFINITE_RECURSION = YES;
				CLANG_WARN_INT_CONVERSION = YES;
				CLANG_WARN_NON_LITERAL_NULL_CONVERSION = YES;
				CLANG_WARN_OBJC_IMPLICIT_RETAIN_SELF = YES;
				CLANG_WARN_OBJC_LITERAL_CONVERSION = YES;
				CLANG_WARN_OBJC_ROOT_CLASS = YES_ERROR;
				CLANG_WARN_QUOTED_INCLUDE_IN_FRAMEWORK_HEADER = YES;
				CLANG_WARN_RANGE_LOOP_ANALYSIS = YES;
				CLANG_WARN_STRICT_PROTOTYPES = YES;
				CLANG_WARN_SUSPICIOUS_MOVE = YES;
				CLANG_WARN_UNGUARDED_AVAILABILITY = YES_AGGRESSIVE;
				CLANG_WARN_UNREACHABLE_CODE = YES;
				CLANG_WARN__DUPLICATE_METHOD_MATCH = YES;
				COPY_PHASE_STRIP = NO;
				DEBUG_INFORMATION_FORMAT = "dwarf-with-dsym";
				ENABLE_NS_ASSERTIONS = NO;
				ENABLE_STRICT_OBJC_MSGSEND = YES;
				ENABLE_USER_SCRIPT_SANDBOXING = YES;
				GCC_C_LANGUAGE_STANDARD = gnu17;
				GCC_NO_COMMON_BLOCKS = YES;
				GCC_WARN_64_TO_32_BIT_CONVERSION = YES;
				GCC_WARN_ABOUT_RETURN_TYPE = YES_ERROR;
				GCC_WARN_UNDECLARED_SELECTOR = YES;
				GCC_WARN_UNINITIALIZED_AUTOS = YES_AGGRESSIVE;
				GCC_WARN_UNUSED_FUNCTION = YES;
				GCC_WARN_UNUSED_VARIABLE = YES;
				IPHONEOS_DEPLOYMENT_TARGET = 17.0;
				LOCALIZATION_PREFERS_STRING_CATALOGS = YES;
				MTL_ENABLE_DEBUG_INFO = NO;
				MTL_FAST_MATH = YES;
				SDKROOT = iphoneos;
				SWIFT_COMPILATION_MODE = wholemodule;
				VALIDATE_PRODUCT = YES;
			};
			name = Release;
		};
		7561EEFA2B03A4E30017BB10 /* Debug */ = {
			isa = XCBuildConfiguration;
			buildSettings = {
				ASSETCATALOG_COMPILER_APPICON_NAME = AppIcon;
				ASSETCATALOG_COMPILER_GLOBAL_ACCENT_COLOR_NAME = AccentColor;
				CODE_SIGN_STYLE = Automatic;
				CURRENT_PROJECT_VERSION = 1;
				GENERATE_INFOPLIST_FILE = YES;
				INFOPLIST_FILE = W2T2_Uebung_BecherMitAufdruck_Ca/Info.plist;
				INFOPLIST_KEY_UIApplicationSupportsIndirectInputEvents = YES;
				INFOPLIST_KEY_UILaunchStoryboardName = LaunchScreen;
				INFOPLIST_KEY_UIMainStoryboardFile = Main;
				INFOPLIST_KEY_UISupportedInterfaceOrientations_iPad = "UIInterfaceOrientationPortrait UIInterfaceOrientationPortraitUpsideDown UIInterfaceOrientationLandscapeLeft UIInterfaceOrientationLandscapeRight";
				INFOPLIST_KEY_UISupportedInterfaceOrientations_iPhone = "UIInterfaceOrientationPortrait UIInterfaceOrientationLandscapeLeft UIInterfaceOrientationLandscapeRight";
				LD_RUNPATH_SEARCH_PATHS = (
					"$(inherited)",
					"@executable_path/Frameworks",
				);
				MARKETING_VERSION = 1.0;
				PRODUCT_BUNDLE_IDENTIFIER = "test.W2T2-Uebung-BecherMitAufdruck-Ca";
				PRODUCT_NAME = "$(TARGET_NAME)";
				SWIFT_EMIT_LOC_STRINGS = YES;
				SWIFT_VERSION = 5.0;
				TARGETED_DEVICE_FAMILY = "1,2";
			};
			name = Debug;
		};
		7561EEFB2B03A4E30017BB10 /* Release */ = {
			isa = XCBuildConfiguration;
			buildSettings = {
				ASSETCATALOG_COMPILER_APPICON_NAME = AppIcon;
				ASSETCATALOG_COMPILER_GLOBAL_ACCENT_COLOR_NAME = AccentColor;
				CODE_SIGN_STYLE = Automatic;
				CURRENT_PROJECT_VERSION = 1;
				GENERATE_INFOPLIST_FILE = YES;
				INFOPLIST_FILE = W2T2_Uebung_BecherMitAufdruck_Ca/Info.plist;
				INFOPLIST_KEY_UIApplicationSupportsIndirectInputEvents = YES;
				INFOPLIST_KEY_UILaunchStoryboardName = LaunchScreen;
				INFOPLIST_KEY_UIMainStoryboardFile = Main;
				INFOPLIST_KEY_UISupportedInterfaceOrientations_iPad = "UIInterfaceOrientationPortrait UIInterfaceOrientationPortraitUpsideDown UIInterfaceOrientationLandscapeLeft UIInterfaceOrientationLandscapeRight";
				INFOPLIST_KEY_UISupportedInterfaceOrientations_iPhone = "UIInterfaceOrientationPortrait UIInterfaceOrientationLandscapeLeft UIInterfaceOrientationLandscapeRight";
				LD_RUNPATH_SEARCH_PATHS = (
					"$(inherited)",
					"@executable_path/Frameworks",
				);
				MARKETING_VERSION = 1.0;
				PRODUCT_BUNDLE_IDENTIFIER = "test.W2T2-Uebung-BecherMitAufdruck-Ca";
				PRODUCT_NAME = "$(TARGET_NAME)";
				SWIFT_EMIT_LOC_STRINGS = YES;
				SWIFT_VERSION = 5.0;
				TARGETED_DEVICE_FAMILY = "1,2";
			};
			name = Release;
		};
		7561EEFD2B03A4E30017BB10 /* Debug */ = {
			isa = XCBuildConfiguration;
			buildSettings = {
				ALWAYS_EMBED_SWIFT_STANDARD_LIBRARIES = YES;
				BUNDLE_LOADER = "$(TEST_HOST)";
				CODE_SIGN_STYLE = Automatic;
				CURRENT_PROJECT_VERSION = 1;
				GENERATE_INFOPLIST_FILE = YES;
				IPHONEOS_DEPLOYMENT_TARGET = 17.0;
				MARKETING_VERSION = 1.0;
				PRODUCT_BUNDLE_IDENTIFIER = "test.W2T2-Uebung-BecherMitAufdruck-CaTests";
				PRODUCT_NAME = "$(TARGET_NAME)";
				SWIFT_EMIT_LOC_STRINGS = NO;
				SWIFT_VERSION = 5.0;
				TARGETED_DEVICE_FAMILY = "1,2";
				TEST_HOST = "$(BUILT_PRODUCTS_DIR)/W2T2_Uebung_BecherMitAufdruck_Ca.app/$(BUNDLE_EXECUTABLE_FOLDER_PATH)/W2T2_Uebung_BecherMitAufdruck_Ca";
			};
			name = Debug;
		};
		7561EEFE2B03A4E30017BB10 /* Release */ = {
			isa = XCBuildConfiguration;
			buildSettings = {
				ALWAYS_EMBED_SWIFT_STANDARD_LIBRARIES = YES;
				BUNDLE_LOADER = "$(TEST_HOST)";
				CODE_SIGN_STYLE = Automatic;
				CURRENT_PROJECT_VERSION = 1;
				GENERATE_INFOPLIST_FILE = YES;
				IPHONEOS_DEPLOYMENT_TARGET = 17.0;
				MARKETING_VERSION = 1.0;
				PRODUCT_BUNDLE_IDENTIFIER = "test.W2T2-Uebung-BecherMitAufdruck-CaTests";
				PRODUCT_NAME = "$(TARGET_NAME)";
				SWIFT_EMIT_LOC_STRINGS = NO;
				SWIFT_VERSION = 5.0;
				TARGETED_DEVICE_FAMILY = "1,2";
				TEST_HOST = "$(BUILT_PRODUCTS_DIR)/W2T2_Uebung_BecherMitAufdruck_Ca.app/$(BUNDLE_EXECUTABLE_FOLDER_PATH)/W2T2_Uebung_BecherMitAufdruck_Ca";
			};
			name = Release;
		};
		7561EF002B03A4E30017BB10 /* Debug */ = {
			isa = XCBuildConfiguration;
			buildSettings = {
				ALWAYS_EMBED_SWIFT_STANDARD_LIBRARIES = YES;
				CODE_SIGN_STYLE = Automatic;
				CURRENT_PROJECT_VERSION = 1;
				GENERATE_INFOPLIST_FILE = YES;
				MARKETING_VERSION = 1.0;
				PRODUCT_BUNDLE_IDENTIFIER = "test.W2T2-Uebung-BecherMitAufdruck-CaUITests";
				PRODUCT_NAME = "$(TARGET_NAME)";
				SWIFT_EMIT_LOC_STRINGS = NO;
				SWIFT_VERSION = 5.0;
				TARGETED_DEVICE_FAMILY = "1,2";
				TEST_TARGET_NAME = W2T2_Uebung_BecherMitAufdruck_Ca;
			};
			name = Debug;
		};
		7561EF012B03A4E30017BB10 /* Release */ = {
			isa = XCBuildConfiguration;
			buildSettings = {
				ALWAYS_EMBED_SWIFT_STANDARD_LIBRARIES = YES;
				CODE_SIGN_STYLE = Automatic;
				CURRENT_PROJECT_VERSION = 1;
				GENERATE_INFOPLIST_FILE = YES;
				MARKETING_VERSION = 1.0;
				PRODUCT_BUNDLE_IDENTIFIER = "test.W2T2-Uebung-BecherMitAufdruck-CaUITests";
				PRODUCT_NAME = "$(TARGET_NAME)";
				SWIFT_EMIT_LOC_STRINGS = NO;
				SWIFT_VERSION = 5.0;
				TARGETED_DEVICE_FAMILY = "1,2";
				TEST_TARGET_NAME = W2T2_Uebung_BecherMitAufdruck_Ca;
			};
			name = Release;
		};
/* End XCBuildConfiguration section */

/* Begin XCConfigurationList section */
		7561EECA2B03A4E20017BB10 /* Build configuration list for PBXProject "W2T2_Uebung_BecherMitAufdruck_Ca" */ = {
			isa = XCConfigurationList;
			buildConfigurations = (
				7561EEF72B03A4E30017BB10 /* Debug */,
				7561EEF82B03A4E30017BB10 /* Release */,
			);
			defaultConfigurationIsVisible = 0;
			defaultConfigurationName = Release;
		};
		7561EEF92B03A4E30017BB10 /* Build configuration list for PBXNativeTarget "W2T2_Uebung_BecherMitAufdruck_Ca" */ = {
			isa = XCConfigurationList;
			buildConfigurations = (
				7561EEFA2B03A4E30017BB10 /* Debug */,
				7561EEFB2B03A4E30017BB10 /* Release */,
			);
			defaultConfigurationIsVisible = 0;
			defaultConfigurationName = Release;
		};
		7561EEFC2B03A4E30017BB10 /* Build configuration list for PBXNativeTarget "W2T2_Uebung_BecherMitAufdruck_CaTests" */ = {
			isa = XCConfigurationList;
			buildConfigurations = (
				7561EEFD2B03A4E30017BB10 /* Debug */,
				7561EEFE2B03A4E30017BB10 /* Release */,
			);
			defaultConfigurationIsVisible = 0;
			defaultConfigurationName = Release;
		};
		7561EEFF2B03A4E30017BB10 /* Build configuration list for PBXNativeTarget "W2T2_Uebung_BecherMitAufdruck_CaUITests" */ = {
			isa = XCConfigurationList;
			buildConfigurations = (
				7561EF002B03A4E30017BB10 /* Debug */,
				7561EF012B03A4E30017BB10 /* Release */,
			);
			defaultConfigurationIsVisible = 0;
			defaultConfigurationName = Release;
		};
/* End XCConfigurationList section */
	};
	rootObject = 7561EEC72B03A4E20017BB10 /* Project object */;
}
